
Microsoft Visual Studio Solution File, Format Version 12.00
# Visual Studio Version 17
VisualStudioVersion = 17.8.34408.163
MinimumVisualStudioVersion = 10.0.40219.1
Project("{FAE04EC0-301F-11D3-BF4B-00C04F79EFBC}") = "DoAn1", "DoAn1\DoAn1.csproj", "{BE6BA348-87D4-406C-856E-25CD26818892}"
EndProject
Global
	GlobalSection(SolutionConfigurationPlatforms) = preSolution
		Debug|Any CPU = Debug|Any CPU
		Release|Any CPU = Release|Any CPU
	EndGlobalSection
	GlobalSection(ProjectConfigurationPlatforms) = postSolution
		{BE6BA348-87D4-406C-856E-25CD26818892}.Debug|Any CPU.ActiveCfg = Debug|Any CPU
		{BE6BA348-87D4-406C-856E-25CD26818892}.Debug|Any CPU.Build.0 = Debug|Any CPU
		{BE6BA348-87D4-406C-856E-25CD26818892}.Release|Any CPU.ActiveCfg = Release|Any CPU
		{BE6BA348-87D4-406C-856E-25CD26818892}.Release|Any CPU.Build.0 = Release|Any CPU
	EndGlobalSection
	GlobalSection(SolutionProperties) = preSolution
		HideSolutionNode = FALSE
	EndGlobalSection
	GlobalSection(ExtensibilityGlobals) = postSolution
		SolutionGuid = {3000E215-F117-4FF7-91FD-96C6A7B39EB9}
	EndGlobalSection
EndGlobal
